github.com/RussellLuo/timingwheel v0.0.0-20191211035242-0e67dbf0ae97 h1:hTWutQkLyyHGn2DVHoGqDIlXzfYL+wumsFW62KChAIQ=
github.com/RussellLuo/timingwheel v0.0.0-20191211035242-0e67dbf0ae97/go.mod h1:3VIJp8oOAlnDUnPy3kwyBGqsMiJJujqTP6ic9Jv6NbM=
github.com/antlabs/stl v0.0.1 h1:TRD3csCrjREeLhLoQ/supaoCvFhNLBTNIwuRGrDIs6Q=
github.com/antlabs/stl v0.0.1/go.mod h1:wvVwP1loadLG3cRjxUxK8RL4Co5xujGaZlhbztmUEqQ=
github.com/antlabs/timer v0.0.0-20200611043034-6a9a97b923e7 h1:oN/gtgQHjPS2wsMZYZx5naeY+mbR5olBVzSVxIf2o7w=
github.com/antlabs/timer v0.0.0-20200611043034-6a9a97b923e7/go.mod h1:v6dabqoqbIzU5fnP+zDdyJh15SuRy2mF7tlvr9T5Lg4=
github.com/antlabs/timer v0.0.0-20200611060538-448dbc430352 h1:B9u52YOQlOZ/rfebrMiuGplCtnqjLRJmMHiGiBcKORo=
github.com/antlabs/timer v0.0.0-20200611060538-448dbc430352/go.mod h1:v6dabqoqbIzU5fnP+zDdyJh15SuRy2mF7tlvr9T5Lg4=
github.com/antlabs/timer v0.0.2 h1:NKMOObnMz4to0N0+kEaiaNp14RXx3BGQAkDhwgSuxd0=
github.com/antlabs/timer v0.0.2/go.mod h1:ZqwPXhXGaspL3+F+hDnAXQSADm/0vmfha8EnJcTXtVc=
github.com/davecgh/go-spew v1.1.0/go.mod h1:J7Y8YcW2NihsgmVo/mv3lAwl/skON4iLHjSsI+c5H38=
github.com/ouqiang/timewheel v1.0.1 h1:XxhrYwqhJ3z8nthEnhZcHyZ/dcE29ACJEJR3Ika0W2g=
github.com/ouqiang/timewheel v1.0.1/go.mod h1:896mz+8zvRU6i0PLVR0qaNuU5roxC874OB4TxUvUewY=
github.com/pmezard/go-difflib v1.0.0/go.mod h1:iKH77koFhYxTK1pcRnkKkqfTogsbg7gZNVY4sRDYZ/4=
github.com/stretchr/objx v0.1.0/go.mod h1:HFkY916IF+rwdDfMAkV7OtwuqBVzrE8GR6GFx+wExME=
github.com/stretchr/testify v1.6.1/go.mod h1:6Fq8oRcR53rry900zMqJjRRixrwX3KX962/h/Wwjteg=
gopkg.in/check.v1 v0.0.0-20161208181325-20d25e280405/go.mod h1:Co6ibVJAznAaIkqp8huTwlJQCZ016jof/cbN4VW5Yz0=
gopkg.in/go-playground/assert.v1 v1.2.1 h1:xoYuJVE7KT85PYWrN730RguIQO0ePzVRfFMXadIrXTM=
gopkg.in/go-playground/assert.v1 v1.2.1/go.mod h1:9RXL0bg/zibRAgZUYszZSwO/z8Y/a8bDuhia5mkpMnE=
gopkg.in/yaml.v3 v3.0.0-20200313102051-9f266ea9e77c/go.mod h1:K4uyk7z7BCEPqu6E+C64Yfv1cQ7kz7rIZviUmN+EgEM=
